
Microsoft Visual Studio Solution File, Format Version 12.00
# Visual Studio Version 17
VisualStudioVersion = 17.14.36518.9 d17.14
MinimumVisualStudioVersion = 10.0.40219.1
Project("{FAE04EC0-301F-11D3-BF4B-00C04F79EFBC}") = "Archiver", "Archiver\Archiver.csproj", "{2F8B459B-3AF3-4E3E-93E1-3FC78DBBC6A6}"
EndProject
Global
	GlobalSection(SolutionConfigurationPlatforms) = preSolution
		Debug|Any CPU = Debug|Any CPU
		Release|Any CPU = Release|Any CPU
	EndGlobalSection
	GlobalSection(ProjectConfigurationPlatforms) = postSolution
		{2F8B459B-3AF3-4E3E-93E1-3FC78DBBC6A6}.Debug|Any CPU.ActiveCfg = Debug|Any CPU
		{2F8B459B-3AF3-4E3E-93E1-3FC78DBBC6A6}.Debug|Any CPU.Build.0 = Debug|Any CPU
		{2F8B459B-3AF3-4E3E-93E1-3FC78DBBC6A6}.Release|Any CPU.ActiveCfg = Release|Any CPU
		{2F8B459B-3AF3-4E3E-93E1-3FC78DBBC6A6}.Release|Any CPU.Build.0 = Release|Any CPU
	EndGlobalSection
	GlobalSection(SolutionProperties) = preSolution
		HideSolutionNode = FALSE
	EndGlobalSection
	GlobalSection(ExtensibilityGlobals) = postSolution
		SolutionGuid = {4CE9BDDC-28F5-42BB-B5C5-1D011F823F59}
	EndGlobalSection
EndGlobal
